
Microsoft Visual Studio Solution File, Format Version 12.00
# Visual Studio Version 16
VisualStudioVersion = 16.0.30523.141
MinimumVisualStudioVersion = 10.0.40219.1
Project("{FAE04EC0-301F-11D3-BF4B-00C04F79EFBC}") = "Crypto", "Crypto.csproj", "{48D9C1E2-6548-40F2-9140-3601A559A1E5}"
EndProject
Global
	GlobalSection(SolutionConfigurationPlatforms) = preSolution
		Debug|Any CPU = Debug|Any CPU
		Release|Any CPU = Release|Any CPU
	EndGlobalSection
	GlobalSection(ProjectConfigurationPlatforms) = postSolution
		{48D9C1E2-6548-40F2-9140-3601A559A1E5}.Debug|Any CPU.ActiveCfg = Debug|Any CPU
		{48D9C1E2-6548-40F2-9140-3601A559A1E5}.Debug|Any CPU.Build.0 = Debug|Any CPU
		{48D9C1E2-6548-40F2-9140-3601A559A1E5}.Release|Any CPU.ActiveCfg = Release|Any CPU
		{48D9C1E2-6548-40F2-9140-3601A559A1E5}.Release|Any CPU.Build.0 = Release|Any CPU
	EndGlobalSection
	GlobalSection(SolutionProperties) = preSolution
		HideSolutionNode = FALSE
	EndGlobalSection
	GlobalSection(ExtensibilityGlobals) = postSolution
		SolutionGuid = {DFEC42C8-8BAF-4A37-914A-371A2FA2EC85}
	EndGlobalSection
EndGlobal
